
Microsoft Visual Studio Solution File, Format Version 12.00
# Visual Studio Version 16
VisualStudioVersion = 16.0.29709.97
MinimumVisualStudioVersion = 10.0.40219.1
Project("{2150E333-8FDC-42A3-9474-1A3956D46DE8}") = ".shared", ".shared", "{92B7922E-AFD7-47C2-BEDB-DD6C9917DE96}"
	ProjectSection(SolutionItems) = preProject
		.shared\SharedAssemblyInfo.cs = .shared\SharedAssemblyInfo.cs
	EndProjectSection
EndProject
Project("{2150E333-8FDC-42A3-9474-1A3956D46DE8}") = "Docs", "Docs", "{B84E9E02-0766-4FFB-8E8C-121E048738BA}"
	ProjectSection(SolutionItems) = preProject
		Documents\Mofeto.docx = Documents\Mofeto.docx
	EndProjectSection
EndProject
Project("{FAE04EC0-301F-11D3-BF4B-00C04F79EFBC}") = "Mofeto.DesktopApplication", "Mofeto.DesktopApplication\Mofeto.DesktopApplication.csproj", "{4A98175A-F789-4F69-A218-4F75CC3B4E5C}"
EndProject
Global
	GlobalSection(SolutionConfigurationPlatforms) = preSolution
		Debug|Any CPU = Debug|Any CPU
		Release|Any CPU = Release|Any CPU
	EndGlobalSection
	GlobalSection(ProjectConfigurationPlatforms) = postSolution
		{4A98175A-F789-4F69-A218-4F75CC3B4E5C}.Debug|Any CPU.ActiveCfg = Debug|Any CPU
		{4A98175A-F789-4F69-A218-4F75CC3B4E5C}.Debug|Any CPU.Build.0 = Debug|Any CPU
		{4A98175A-F789-4F69-A218-4F75CC3B4E5C}.Release|Any CPU.ActiveCfg = Release|Any CPU
		{4A98175A-F789-4F69-A218-4F75CC3B4E5C}.Release|Any CPU.Build.0 = Release|Any CPU
	EndGlobalSection
	GlobalSection(SolutionProperties) = preSolution
		HideSolutionNode = FALSE
	EndGlobalSection
	GlobalSection(ExtensibilityGlobals) = postSolution
		SolutionGuid = {81CB7E59-DFD2-4689-AD56-2917AB291C1A}
	EndGlobalSection
EndGlobal
